
Microsoft Visual Studio Solution File, Format Version 12.00
# Visual Studio Version 17
VisualStudioVersion = 17.6.33815.320
MinimumVisualStudioVersion = 10.0.40219.1
Project("{FAE04EC0-301F-11D3-BF4B-00C04F79EFBC}") = "MIDIMingle", "MIDIMingle\MIDIMingle.csproj", "{FB82E432-8FF1-4B2D-B4DB-2A67D4ED126B}"
EndProject
Global
	GlobalSection(SolutionConfigurationPlatforms) = preSolution
		Debug|Any CPU = Debug|Any CPU
		Release|Any CPU = Release|Any CPU
	EndGlobalSection
	GlobalSection(ProjectConfigurationPlatforms) = postSolution
		{FB82E432-8FF1-4B2D-B4DB-2A67D4ED126B}.Debug|Any CPU.ActiveCfg = Debug|Any CPU
		{FB82E432-8FF1-4B2D-B4DB-2A67D4ED126B}.Debug|Any CPU.Build.0 = Debug|Any CPU
		{FB82E432-8FF1-4B2D-B4DB-2A67D4ED126B}.Release|Any CPU.ActiveCfg = Release|Any CPU
		{FB82E432-8FF1-4B2D-B4DB-2A67D4ED126B}.Release|Any CPU.Build.0 = Release|Any CPU
	EndGlobalSection
	GlobalSection(SolutionProperties) = preSolution
		HideSolutionNode = FALSE
	EndGlobalSection
	GlobalSection(ExtensibilityGlobals) = postSolution
		SolutionGuid = {7DADA975-817A-403B-93A1-5E13C7933483}
	EndGlobalSection
EndGlobal
